
Microsoft Visual Studio Solution File, Format Version 12.00
# Visual Studio 2012
Project("{FAE04EC0-301F-11D3-BF4B-00C04F79EFBC}") = "MainApp", "Srcs\MainApp\MainApp.csproj", "{EDC6C5E9-5DD2-4E82-ABA1-5D9F8B7792D8}"
EndProject
Project("{FAE04EC0-301F-11D3-BF4B-00C04F79EFBC}") = "FirstPrismApp.Infrastructure", "Srcs\FirstPrismApp.Infrastructure\FirstPrismApp.Infrastructure.csproj", "{CC00FB09-42CF-4290-87D9-B9893456ACF4}"
EndProject
Project("{2150E333-8FDC-42A3-9474-1A3956D46DE8}") = "Modules", "Modules", "{F6779D86-5213-4294-A9AC-6D25C9C3B661}"
EndProject
Project("{2150E333-8FDC-42A3-9474-1A3956D46DE8}") = "Business", "Business", "{1FBA29F2-A0B0-4E07-A8A2-BDE75B200D63}"
EndProject
Project("{FAE04EC0-301F-11D3-BF4B-00C04F79EFBC}") = "MainAppMEF", "MainAppMEF\MainAppMEF.csproj", "{61A26ADF-3A50-4C02-B3C7-6C17F689E4AC}"
EndProject
Project("{FAE04EC0-301F-11D3-BF4B-00C04F79EFBC}") = "MefModuleA", "Srcs\Modules\MefModuleA\MefModuleA.csproj", "{F4B4E60F-6654-42BF-B988-C533B82EF36C}"
EndProject
Project("{FAE04EC0-301F-11D3-BF4B-00C04F79EFBC}") = "DetailedViewModule", "Srcs\Modules\DetailedViewModule\DetailedViewModule.csproj", "{92232898-9AD4-4E76-BFC9-475EE1C9A1B5}"
EndProject
Project("{FAE04EC0-301F-11D3-BF4B-00C04F79EFBC}") = "ItemsViewModule", "Srcs\Modules\ItemsViewModule\ItemsViewModule.csproj", "{29EA605C-C57A-499A-A3CB-59E5AC96650D}"
EndProject
Project("{FAE04EC0-301F-11D3-BF4B-00C04F79EFBC}") = "Business.Common", "Srcs\Business\Business.Common\Business.Common.csproj", "{E946BBBB-8994-4AE8-8867-C2F689B64449}"
EndProject
Project("{FAE04EC0-301F-11D3-BF4B-00C04F79EFBC}") = "ToolbarModule", "Srcs\Modules\ToolbarModule\ToolbarModule.csproj", "{3046016E-7E19-451A-8194-5626691EC7B7}"
EndProject
Project("{FAE04EC0-301F-11D3-BF4B-00C04F79EFBC}") = "OpenFileServiceModule", "Srcs\Modules\OpenFileServiceModule\OpenFileServiceModule.csproj", "{C87D0156-D287-48D3-BBC9-2DBC624E8D35}"
EndProject
Project("{FAE04EC0-301F-11D3-BF4B-00C04F79EFBC}") = "LogParsingModule", "Srcs\Modules\LogParsingModule\LogParsingModule.csproj", "{95D77B2A-8C35-41B5-BA42-E4BDD12BF636}"
EndProject
Project("{FAE04EC0-301F-11D3-BF4B-00C04F79EFBC}") = "LoggerModule", "Srcs\Modules\LoggerModule\LoggerModule.csproj", "{CE9C900C-A610-43B3-96D4-51FD4E4DE5F7}"
EndProject
Project("{FAE04EC0-301F-11D3-BF4B-00C04F79EFBC}") = "FullViewModule", "Srcs\Modules\FullViewModule\FullViewModule.csproj", "{4078D618-D58E-4E0D-8FCF-B03A26BBD37E}"
EndProject
Global
	GlobalSection(SolutionConfigurationPlatforms) = preSolution
		Debug|Any CPU = Debug|Any CPU
		Release|Any CPU = Release|Any CPU
	EndGlobalSection
	GlobalSection(ProjectConfigurationPlatforms) = postSolution
		{EDC6C5E9-5DD2-4E82-ABA1-5D9F8B7792D8}.Debug|Any CPU.ActiveCfg = Debug|Any CPU
		{EDC6C5E9-5DD2-4E82-ABA1-5D9F8B7792D8}.Debug|Any CPU.Build.0 = Debug|Any CPU
		{EDC6C5E9-5DD2-4E82-ABA1-5D9F8B7792D8}.Release|Any CPU.ActiveCfg = Release|Any CPU
		{EDC6C5E9-5DD2-4E82-ABA1-5D9F8B7792D8}.Release|Any CPU.Build.0 = Release|Any CPU
		{CC00FB09-42CF-4290-87D9-B9893456ACF4}.Debug|Any CPU.ActiveCfg = Debug|Any CPU
		{CC00FB09-42CF-4290-87D9-B9893456ACF4}.Debug|Any CPU.Build.0 = Debug|Any CPU
		{CC00FB09-42CF-4290-87D9-B9893456ACF4}.Release|Any CPU.ActiveCfg = Release|Any CPU
		{CC00FB09-42CF-4290-87D9-B9893456ACF4}.Release|Any CPU.Build.0 = Release|Any CPU
		{61A26ADF-3A50-4C02-B3C7-6C17F689E4AC}.Debug|Any CPU.ActiveCfg = Debug|Any CPU
		{61A26ADF-3A50-4C02-B3C7-6C17F689E4AC}.Debug|Any CPU.Build.0 = Debug|Any CPU
		{61A26ADF-3A50-4C02-B3C7-6C17F689E4AC}.Release|Any CPU.ActiveCfg = Release|Any CPU
		{61A26ADF-3A50-4C02-B3C7-6C17F689E4AC}.Release|Any CPU.Build.0 = Release|Any CPU
		{F4B4E60F-6654-42BF-B988-C533B82EF36C}.Debug|Any CPU.ActiveCfg = Debug|Any CPU
		{F4B4E60F-6654-42BF-B988-C533B82EF36C}.Debug|Any CPU.Build.0 = Debug|Any CPU
		{F4B4E60F-6654-42BF-B988-C533B82EF36C}.Release|Any CPU.ActiveCfg = Release|Any CPU
		{F4B4E60F-6654-42BF-B988-C533B82EF36C}.Release|Any CPU.Build.0 = Release|Any CPU
		{92232898-9AD4-4E76-BFC9-475EE1C9A1B5}.Debug|Any CPU.ActiveCfg = Debug|Any CPU
		{92232898-9AD4-4E76-BFC9-475EE1C9A1B5}.Debug|Any CPU.Build.0 = Debug|Any CPU
		{92232898-9AD4-4E76-BFC9-475EE1C9A1B5}.Release|Any CPU.ActiveCfg = Release|Any CPU
		{92232898-9AD4-4E76-BFC9-475EE1C9A1B5}.Release|Any CPU.Build.0 = Release|Any CPU
		{29EA605C-C57A-499A-A3CB-59E5AC96650D}.Debug|Any CPU.ActiveCfg = Debug|Any CPU
		{29EA605C-C57A-499A-A3CB-59E5AC96650D}.Debug|Any CPU.Build.0 = Debug|Any CPU
		{29EA605C-C57A-499A-A3CB-59E5AC96650D}.Release|Any CPU.ActiveCfg = Release|Any CPU
		{29EA605C-C57A-499A-A3CB-59E5AC96650D}.Release|Any CPU.Build.0 = Release|Any CPU
		{E946BBBB-8994-4AE8-8867-C2F689B64449}.Debug|Any CPU.ActiveCfg = Debug|Any CPU
		{E946BBBB-8994-4AE8-8867-C2F689B64449}.Debug|Any CPU.Build.0 = Debug|Any CPU
		{E946BBBB-8994-4AE8-8867-C2F689B64449}.Release|Any CPU.ActiveCfg = Release|Any CPU
		{E946BBBB-8994-4AE8-8867-C2F689B64449}.Release|Any CPU.Build.0 = Release|Any CPU
		{3046016E-7E19-451A-8194-5626691EC7B7}.Debug|Any CPU.ActiveCfg = Debug|Any CPU
		{3046016E-7E19-451A-8194-5626691EC7B7}.Debug|Any CPU.Build.0 = Debug|Any CPU
		{3046016E-7E19-451A-8194-5626691EC7B7}.Release|Any CPU.ActiveCfg = Release|Any CPU
		{3046016E-7E19-451A-8194-5626691EC7B7}.Release|Any CPU.Build.0 = Release|Any CPU
		{C87D0156-D287-48D3-BBC9-2DBC624E8D35}.Debug|Any CPU.ActiveCfg = Debug|Any CPU
		{C87D0156-D287-48D3-BBC9-2DBC624E8D35}.Debug|Any CPU.Build.0 = Debug|Any CPU
		{C87D0156-D287-48D3-BBC9-2DBC624E8D35}.Release|Any CPU.ActiveCfg = Release|Any CPU
		{C87D0156-D287-48D3-BBC9-2DBC624E8D35}.Release|Any CPU.Build.0 = Release|Any CPU
		{95D77B2A-8C35-41B5-BA42-E4BDD12BF636}.Debug|Any CPU.ActiveCfg = Debug|Any CPU
		{95D77B2A-8C35-41B5-BA42-E4BDD12BF636}.Debug|Any CPU.Build.0 = Debug|Any CPU
		{95D77B2A-8C35-41B5-BA42-E4BDD12BF636}.Release|Any CPU.ActiveCfg = Release|Any CPU
		{95D77B2A-8C35-41B5-BA42-E4BDD12BF636}.Release|Any CPU.Build.0 = Release|Any CPU
		{CE9C900C-A610-43B3-96D4-51FD4E4DE5F7}.Debug|Any CPU.ActiveCfg = Debug|Any CPU
		{CE9C900C-A610-43B3-96D4-51FD4E4DE5F7}.Debug|Any CPU.Build.0 = Debug|Any CPU
		{CE9C900C-A610-43B3-96D4-51FD4E4DE5F7}.Release|Any CPU.ActiveCfg = Release|Any CPU
		{CE9C900C-A610-43B3-96D4-51FD4E4DE5F7}.Release|Any CPU.Build.0 = Release|Any CPU
		{4078D618-D58E-4E0D-8FCF-B03A26BBD37E}.Debug|Any CPU.ActiveCfg = Debug|Any CPU
		{4078D618-D58E-4E0D-8FCF-B03A26BBD37E}.Debug|Any CPU.Build.0 = Debug|Any CPU
		{4078D618-D58E-4E0D-8FCF-B03A26BBD37E}.Release|Any CPU.ActiveCfg = Release|Any CPU
		{4078D618-D58E-4E0D-8FCF-B03A26BBD37E}.Release|Any CPU.Build.0 = Release|Any CPU
	EndGlobalSection
	GlobalSection(SolutionProperties) = preSolution
		HideSolutionNode = FALSE
	EndGlobalSection
	GlobalSection(NestedProjects) = preSolution
		{F4B4E60F-6654-42BF-B988-C533B82EF36C} = {F6779D86-5213-4294-A9AC-6D25C9C3B661}
		{92232898-9AD4-4E76-BFC9-475EE1C9A1B5} = {F6779D86-5213-4294-A9AC-6D25C9C3B661}
		{29EA605C-C57A-499A-A3CB-59E5AC96650D} = {F6779D86-5213-4294-A9AC-6D25C9C3B661}
		{3046016E-7E19-451A-8194-5626691EC7B7} = {F6779D86-5213-4294-A9AC-6D25C9C3B661}
		{C87D0156-D287-48D3-BBC9-2DBC624E8D35} = {F6779D86-5213-4294-A9AC-6D25C9C3B661}
		{95D77B2A-8C35-41B5-BA42-E4BDD12BF636} = {F6779D86-5213-4294-A9AC-6D25C9C3B661}
		{CE9C900C-A610-43B3-96D4-51FD4E4DE5F7} = {F6779D86-5213-4294-A9AC-6D25C9C3B661}
		{4078D618-D58E-4E0D-8FCF-B03A26BBD37E} = {F6779D86-5213-4294-A9AC-6D25C9C3B661}
		{E946BBBB-8994-4AE8-8867-C2F689B64449} = {1FBA29F2-A0B0-4E07-A8A2-BDE75B200D63}
	EndGlobalSection
EndGlobal
